
Microsoft Visual Studio Solution File, Format Version 12.00
# Visual Studio Version 17
VisualStudioVersion = 17.14.36414.22
MinimumVisualStudioVersion = 10.0.40219.1
Project("{FAE04EC0-301F-11D3-BF4B-00C04F79EFBC}") = "TimeTrackingSystem", "RegistrationApp\TimeTrackingSystem.csproj", "{B7DAB8BA-DAE6-4FD2-B74F-2AF1B68D846D}"
EndProject
Global
	GlobalSection(SolutionConfigurationPlatforms) = preSolution
		Debug|Any CPU = Debug|Any CPU
		Release|Any CPU = Release|Any CPU
	EndGlobalSection
	GlobalSection(ProjectConfigurationPlatforms) = postSolution
		{B7DAB8BA-DAE6-4FD2-B74F-2AF1B68D846D}.Debug|Any CPU.ActiveCfg = Debug|Any CPU
		{B7DAB8BA-DAE6-4FD2-B74F-2AF1B68D846D}.Debug|Any CPU.Build.0 = Debug|Any CPU
		{B7DAB8BA-DAE6-4FD2-B74F-2AF1B68D846D}.Release|Any CPU.ActiveCfg = Release|Any CPU
		{B7DAB8BA-DAE6-4FD2-B74F-2AF1B68D846D}.Release|Any CPU.Build.0 = Release|Any CPU
	EndGlobalSection
	GlobalSection(SolutionProperties) = preSolution
		HideSolutionNode = FALSE
	EndGlobalSection
	GlobalSection(ExtensibilityGlobals) = postSolution
		SolutionGuid = {D638DC74-FC5C-4441-AE86-0F0B76B5D96D}
	EndGlobalSection
EndGlobal
